
Microsoft Visual Studio Solution File, Format Version 12.00
# Visual Studio Version 17
VisualStudioVersion = 17.1.32228.430
MinimumVisualStudioVersion = 10.0.40219.1
Project("{FAE04EC0-301F-11D3-BF4B-00C04F79EFBC}") = "ConsoleUI", "ConsoleUI\ConsoleUI.csproj", "{351CE6A5-A920-41A9-B0D6-B9F0FCE701F3}"
EndProject
Project("{FAE04EC0-301F-11D3-BF4B-00C04F79EFBC}") = "DemoLibrary", "DemoLibrary\DemoLibrary.csproj", "{891A7496-547E-46BB-B603-D35C495EEB48}"
EndProject
Global
	GlobalSection(SolutionConfigurationPlatforms) = preSolution
		Debug|Any CPU = Debug|Any CPU
		Release|Any CPU = Release|Any CPU
	EndGlobalSection
	GlobalSection(ProjectConfigurationPlatforms) = postSolution
		{351CE6A5-A920-41A9-B0D6-B9F0FCE701F3}.Debug|Any CPU.ActiveCfg = Debug|Any CPU
		{351CE6A5-A920-41A9-B0D6-B9F0FCE701F3}.Debug|Any CPU.Build.0 = Debug|Any CPU
		{351CE6A5-A920-41A9-B0D6-B9F0FCE701F3}.Release|Any CPU.ActiveCfg = Release|Any CPU
		{351CE6A5-A920-41A9-B0D6-B9F0FCE701F3}.Release|Any CPU.Build.0 = Release|Any CPU
		{891A7496-547E-46BB-B603-D35C495EEB48}.Debug|Any CPU.ActiveCfg = Debug|Any CPU
		{891A7496-547E-46BB-B603-D35C495EEB48}.Debug|Any CPU.Build.0 = Debug|Any CPU
		{891A7496-547E-46BB-B603-D35C495EEB48}.Release|Any CPU.ActiveCfg = Release|Any CPU
		{891A7496-547E-46BB-B603-D35C495EEB48}.Release|Any CPU.Build.0 = Release|Any CPU
	EndGlobalSection
	GlobalSection(SolutionProperties) = preSolution
		HideSolutionNode = FALSE
	EndGlobalSection
	GlobalSection(ExtensibilityGlobals) = postSolution
		SolutionGuid = {055580FD-8F9B-47AA-AC92-B0282F201F7E}
	EndGlobalSection
EndGlobal
