
Microsoft Visual Studio Solution File, Format Version 12.00
# Visual Studio Version 17
VisualStudioVersion = 17.1.32210.238
MinimumVisualStudioVersion = 10.0.40219.1
Project("{FAE04EC0-301F-11D3-BF4B-00C04F79EFBC}") = "ForLoops", "ForLoops\ForLoops.csproj", "{5465A0A6-86BE-4D2A-9B1D-DC7DB06BB30A}"
EndProject
Global
	GlobalSection(SolutionConfigurationPlatforms) = preSolution
		Debug|Any CPU = Debug|Any CPU
		Release|Any CPU = Release|Any CPU
	EndGlobalSection
	GlobalSection(ProjectConfigurationPlatforms) = postSolution
		{5465A0A6-86BE-4D2A-9B1D-DC7DB06BB30A}.Debug|Any CPU.ActiveCfg = Debug|Any CPU
		{5465A0A6-86BE-4D2A-9B1D-DC7DB06BB30A}.Debug|Any CPU.Build.0 = Debug|Any CPU
		{5465A0A6-86BE-4D2A-9B1D-DC7DB06BB30A}.Release|Any CPU.ActiveCfg = Release|Any CPU
		{5465A0A6-86BE-4D2A-9B1D-DC7DB06BB30A}.Release|Any CPU.Build.0 = Release|Any CPU
	EndGlobalSection
	GlobalSection(SolutionProperties) = preSolution
		HideSolutionNode = FALSE
	EndGlobalSection
	GlobalSection(ExtensibilityGlobals) = postSolution
		SolutionGuid = {ED981D0D-FF21-4834-A65F-E943FBF02F63}
	EndGlobalSection
EndGlobal
