
Microsoft Visual Studio Solution File, Format Version 12.00
# Visual Studio Version 17
VisualStudioVersion = 17.1.32210.238
MinimumVisualStudioVersion = 10.0.40219.1
Project("{FAE04EC0-301F-11D3-BF4B-00C04F79EFBC}") = "ForEachLoops", "ForEachLoops\ForEachLoops.csproj", "{B9060318-43A7-49E1-A176-2D67637E75B8}"
EndProject
Global
	GlobalSection(SolutionConfigurationPlatforms) = preSolution
		Debug|Any CPU = Debug|Any CPU
		Release|Any CPU = Release|Any CPU
	EndGlobalSection
	GlobalSection(ProjectConfigurationPlatforms) = postSolution
		{B9060318-43A7-49E1-A176-2D67637E75B8}.Debug|Any CPU.ActiveCfg = Debug|Any CPU
		{B9060318-43A7-49E1-A176-2D67637E75B8}.Debug|Any CPU.Build.0 = Debug|Any CPU
		{B9060318-43A7-49E1-A176-2D67637E75B8}.Release|Any CPU.ActiveCfg = Release|Any CPU
		{B9060318-43A7-49E1-A176-2D67637E75B8}.Release|Any CPU.Build.0 = Release|Any CPU
	EndGlobalSection
	GlobalSection(SolutionProperties) = preSolution
		HideSolutionNode = FALSE
	EndGlobalSection
	GlobalSection(ExtensibilityGlobals) = postSolution
		SolutionGuid = {68F2404E-4A4A-4E31-8CFC-0797E5B8B81A}
	EndGlobalSection
EndGlobal
